
Microsoft Visual Studio Solution File, Format Version 12.00
# Visual Studio Version 17
VisualStudioVersion = 17.0.32002.185
MinimumVisualStudioVersion = 10.0.40219.1
Project("{9A19103F-16F7-4668-BE54-9A1E7A4F7556}") = "DryGen", "src\DryGen\DryGen.csproj", "{BDA7420D-4FD3-48E9-A1FA-4BF4447892E1}"
EndProject
Project("{9A19103F-16F7-4668-BE54-9A1E7A4F7556}") = "DryGen.MermaidFromCSharp", "src\DryGen.MermaidFromCSharp\DryGen.MermaidFromCSharp.csproj", "{63724739-A634-4C9D-B701-4523D99BA4FC}"
EndProject
Project("{9A19103F-16F7-4668-BE54-9A1E7A4F7556}") = "DryGen.MermaidFromEfCore", "src\DryGen.MermaidFromEfCore\DryGen.MermaidFromEfCore.csproj", "{24EE6839-AE91-4668-AA0D-07DB581C5225}"
EndProject
Project("{9A19103F-16F7-4668-BE54-9A1E7A4F7556}") = "DryGen.UTests", "src\develop\DryGen.UTests\DryGen.UTests.csproj", "{BEF6D468-7798-4BEF-9AAD-2A83608EF2F6}"
EndProject
Project("{2150E333-8FDC-42A3-9474-1A3956D46DE8}") = "files", "files", "{032040CA-2A5F-4F54-9C26-DEED72309B05}"
	ProjectSection(SolutionItems) = preProject
		.editorconfig = .editorconfig
		.gitignore = .gitignore
		.whitesource = .whitesource
		build.cmd = build.cmd
		build.ps1 = build.ps1
		build.sh = build.sh
		CODE-OF-CONDUCT.md = CODE-OF-CONDUCT.md
		CONTRIBUTING.md = CONTRIBUTING.md
		Directory.Build.props = Directory.Build.props
		Directory.Build.targets = Directory.Build.targets
		DryGen.v3.ncrunchsolution = DryGen.v3.ncrunchsolution
		GitVersion.yml = GitVersion.yml
		global.json = global.json
		LICENSE.md = LICENSE.md
		README.md = README.md
	EndProjectSection
EndProject
Project("{9A19103F-16F7-4668-BE54-9A1E7A4F7556}") = "Build", "build\Build.csproj", "{847415D2-3030-46C0-8245-C5E86059B4BF}"
EndProject
Project("{2150E333-8FDC-42A3-9474-1A3956D46DE8}") = ".github", ".github", "{B78CA97F-3879-4D51-8F74-8D4BBD7E82AE}"
EndProject
Project("{2150E333-8FDC-42A3-9474-1A3956D46DE8}") = "workflows", "workflows", "{2B23AFDF-0304-4DC2-BD8F-DA2A1C5F0726}"
	ProjectSection(SolutionItems) = preProject
		.github\workflows\build.yml = .github\workflows\build.yml
		.github\workflows\pr.yml = .github\workflows\pr.yml
		.github\workflows\publish-docs.yml = .github\workflows\publish-docs.yml
		.github\workflows\release.yml = .github\workflows\release.yml
	EndProjectSection
EndProject
Project("{9A19103F-16F7-4668-BE54-9A1E7A4F7556}") = "DryGen.Docs", "src\develop\DryGen.Docs\DryGen.Docs.csproj", "{0A437C8D-E321-4AA2-8195-AD259BF63C7F}"
	ProjectSection(ProjectDependencies) = postProject
		{4007DCD3-A238-4438-A5A0-3E1A1333335D} = {4007DCD3-A238-4438-A5A0-3E1A1333335D}
	EndProjectSection
EndProject
Project("{2150E333-8FDC-42A3-9474-1A3956D46DE8}") = "develop", "develop", "{729F6B2E-E6FC-43A3-A614-6E6E59B24F25}"
EndProject
Project("{2150E333-8FDC-42A3-9474-1A3956D46DE8}") = ".nuke", ".nuke", "{99CB8B94-976D-41E1-9E78-6433AEC9AE37}"
	ProjectSection(SolutionItems) = preProject
		.nuke\build.schema.json = .nuke\build.schema.json
		.nuke\parameters.json = .nuke\parameters.json
	EndProjectSection
EndProject
Project("{9A19103F-16F7-4668-BE54-9A1E7A4F7556}") = "DryGen.ITests", "src\develop\DryGen.ITests\DryGen.ITests.csproj", "{AC8B8CD3-5397-46C7-B518-37016926EEFF}"
EndProject
Project("{9A19103F-16F7-4668-BE54-9A1E7A4F7556}") = "DryGen.DevUtils", "src\develop\DryGen.DevUtils\DryGen.DevUtils.csproj", "{DC273CC1-2EED-45A9-88DB-7B4E853E7186}"
EndProject
Project("{9A19103F-16F7-4668-BE54-9A1E7A4F7556}") = "DryGen.CSharpFromJsonSchema", "src\DryGen.CSharpFromJsonSchema\DryGen.CSharpFromJsonSchema.csproj", "{64777132-BBB0-46D5-8736-0EE496E91A7D}"
EndProject
Project("{9A19103F-16F7-4668-BE54-9A1E7A4F7556}") = "DryGen.MermaidFromJsonSchema", "src\DryGen.MermaidFromJsonSchema\DryGen.MermaidFromJsonSchema.csproj", "{A7557D3C-CCE3-4F26-8AAF-D06FC0E7877E}"
EndProject
Project("{9A19103F-16F7-4668-BE54-9A1E7A4F7556}") = "DryGen.Core", "src\DryGen.Core\DryGen.Core.csproj", "{E228EC63-433D-40B0-AF5C-CE1FA4A19AE0}"
EndProject
Project("{9A19103F-16F7-4668-BE54-9A1E7A4F7556}") = "DryGen.Templates", "src\DryGen.Templates\DryGen.Templates.csproj", "{4007DCD3-A238-4438-A5A0-3E1A1333335D}"
	ProjectSection(ProjectDependencies) = postProject
		{BDA7420D-4FD3-48E9-A1FA-4BF4447892E1} = {BDA7420D-4FD3-48E9-A1FA-4BF4447892E1}
	EndProjectSection
EndProject
Project("{9A19103F-16F7-4668-BE54-9A1E7A4F7556}") = "DryGen.MermaidFromDotnetDepsJson", "src\DryGen.MermaidFromDotnetDepsJson\DryGen.MermaidFromDotnetDepsJson.csproj", "{A290A6FD-4C54-4A59-9515-FB257401C728}"
EndProject
Project("{9A19103F-16F7-4668-BE54-9A1E7A4F7556}") = "DryGen.CodeCompiler", "src\DryGen.CodeCompiler\DryGen.CodeCompiler.csproj", "{E6B50599-A234-40C1-8D16-9679D975C4C9}"
EndProject
Global
	GlobalSection(SolutionConfigurationPlatforms) = preSolution
		Debug|Any CPU = Debug|Any CPU
		Release|Any CPU = Release|Any CPU
	EndGlobalSection
	GlobalSection(ProjectConfigurationPlatforms) = postSolution
		{BDA7420D-4FD3-48E9-A1FA-4BF4447892E1}.Debug|Any CPU.ActiveCfg = Debug|Any CPU
		{BDA7420D-4FD3-48E9-A1FA-4BF4447892E1}.Debug|Any CPU.Build.0 = Debug|Any CPU
		{BDA7420D-4FD3-48E9-A1FA-4BF4447892E1}.Release|Any CPU.ActiveCfg = Release|Any CPU
		{BDA7420D-4FD3-48E9-A1FA-4BF4447892E1}.Release|Any CPU.Build.0 = Release|Any CPU
		{63724739-A634-4C9D-B701-4523D99BA4FC}.Debug|Any CPU.ActiveCfg = Debug|Any CPU
		{63724739-A634-4C9D-B701-4523D99BA4FC}.Debug|Any CPU.Build.0 = Debug|Any CPU
		{63724739-A634-4C9D-B701-4523D99BA4FC}.Release|Any CPU.ActiveCfg = Release|Any CPU
		{63724739-A634-4C9D-B701-4523D99BA4FC}.Release|Any CPU.Build.0 = Release|Any CPU
		{24EE6839-AE91-4668-AA0D-07DB581C5225}.Debug|Any CPU.ActiveCfg = Debug|Any CPU
		{24EE6839-AE91-4668-AA0D-07DB581C5225}.Debug|Any CPU.Build.0 = Debug|Any CPU
		{24EE6839-AE91-4668-AA0D-07DB581C5225}.Release|Any CPU.ActiveCfg = Release|Any CPU
		{24EE6839-AE91-4668-AA0D-07DB581C5225}.Release|Any CPU.Build.0 = Release|Any CPU
		{BEF6D468-7798-4BEF-9AAD-2A83608EF2F6}.Debug|Any CPU.ActiveCfg = Debug|Any CPU
		{BEF6D468-7798-4BEF-9AAD-2A83608EF2F6}.Debug|Any CPU.Build.0 = Debug|Any CPU
		{BEF6D468-7798-4BEF-9AAD-2A83608EF2F6}.Release|Any CPU.ActiveCfg = Release|Any CPU
		{BEF6D468-7798-4BEF-9AAD-2A83608EF2F6}.Release|Any CPU.Build.0 = Release|Any CPU
		{847415D2-3030-46C0-8245-C5E86059B4BF}.Debug|Any CPU.ActiveCfg = Debug|Any CPU
		{847415D2-3030-46C0-8245-C5E86059B4BF}.Release|Any CPU.ActiveCfg = Release|Any CPU
		{0A437C8D-E321-4AA2-8195-AD259BF63C7F}.Debug|Any CPU.ActiveCfg = Debug|Any CPU
		{0A437C8D-E321-4AA2-8195-AD259BF63C7F}.Debug|Any CPU.Build.0 = Debug|Any CPU
		{0A437C8D-E321-4AA2-8195-AD259BF63C7F}.Release|Any CPU.ActiveCfg = Release|Any CPU
		{0A437C8D-E321-4AA2-8195-AD259BF63C7F}.Release|Any CPU.Build.0 = Release|Any CPU
		{AC8B8CD3-5397-46C7-B518-37016926EEFF}.Debug|Any CPU.ActiveCfg = Debug|Any CPU
		{AC8B8CD3-5397-46C7-B518-37016926EEFF}.Debug|Any CPU.Build.0 = Debug|Any CPU
		{AC8B8CD3-5397-46C7-B518-37016926EEFF}.Release|Any CPU.ActiveCfg = Release|Any CPU
		{AC8B8CD3-5397-46C7-B518-37016926EEFF}.Release|Any CPU.Build.0 = Release|Any CPU
		{DC273CC1-2EED-45A9-88DB-7B4E853E7186}.Debug|Any CPU.ActiveCfg = Debug|Any CPU
		{DC273CC1-2EED-45A9-88DB-7B4E853E7186}.Debug|Any CPU.Build.0 = Debug|Any CPU
		{DC273CC1-2EED-45A9-88DB-7B4E853E7186}.Release|Any CPU.ActiveCfg = Release|Any CPU
		{DC273CC1-2EED-45A9-88DB-7B4E853E7186}.Release|Any CPU.Build.0 = Release|Any CPU
		{64777132-BBB0-46D5-8736-0EE496E91A7D}.Debug|Any CPU.ActiveCfg = Debug|Any CPU
		{64777132-BBB0-46D5-8736-0EE496E91A7D}.Debug|Any CPU.Build.0 = Debug|Any CPU
		{64777132-BBB0-46D5-8736-0EE496E91A7D}.Release|Any CPU.ActiveCfg = Release|Any CPU
		{64777132-BBB0-46D5-8736-0EE496E91A7D}.Release|Any CPU.Build.0 = Release|Any CPU
		{A7557D3C-CCE3-4F26-8AAF-D06FC0E7877E}.Debug|Any CPU.ActiveCfg = Debug|Any CPU
		{A7557D3C-CCE3-4F26-8AAF-D06FC0E7877E}.Debug|Any CPU.Build.0 = Debug|Any CPU
		{A7557D3C-CCE3-4F26-8AAF-D06FC0E7877E}.Release|Any CPU.ActiveCfg = Release|Any CPU
		{A7557D3C-CCE3-4F26-8AAF-D06FC0E7877E}.Release|Any CPU.Build.0 = Release|Any CPU
		{E228EC63-433D-40B0-AF5C-CE1FA4A19AE0}.Debug|Any CPU.ActiveCfg = Debug|Any CPU
		{E228EC63-433D-40B0-AF5C-CE1FA4A19AE0}.Debug|Any CPU.Build.0 = Debug|Any CPU
		{E228EC63-433D-40B0-AF5C-CE1FA4A19AE0}.Release|Any CPU.ActiveCfg = Release|Any CPU
		{E228EC63-433D-40B0-AF5C-CE1FA4A19AE0}.Release|Any CPU.Build.0 = Release|Any CPU
		{4007DCD3-A238-4438-A5A0-3E1A1333335D}.Debug|Any CPU.ActiveCfg = Debug|Any CPU
		{4007DCD3-A238-4438-A5A0-3E1A1333335D}.Debug|Any CPU.Build.0 = Debug|Any CPU
		{4007DCD3-A238-4438-A5A0-3E1A1333335D}.Release|Any CPU.ActiveCfg = Release|Any CPU
		{4007DCD3-A238-4438-A5A0-3E1A1333335D}.Release|Any CPU.Build.0 = Release|Any CPU
		{A290A6FD-4C54-4A59-9515-FB257401C728}.Debug|Any CPU.ActiveCfg = Debug|Any CPU
		{A290A6FD-4C54-4A59-9515-FB257401C728}.Debug|Any CPU.Build.0 = Debug|Any CPU
		{A290A6FD-4C54-4A59-9515-FB257401C728}.Release|Any CPU.ActiveCfg = Release|Any CPU
		{A290A6FD-4C54-4A59-9515-FB257401C728}.Release|Any CPU.Build.0 = Release|Any CPU
		{E6B50599-A234-40C1-8D16-9679D975C4C9}.Debug|Any CPU.ActiveCfg = Debug|Any CPU
		{E6B50599-A234-40C1-8D16-9679D975C4C9}.Debug|Any CPU.Build.0 = Debug|Any CPU
		{E6B50599-A234-40C1-8D16-9679D975C4C9}.Release|Any CPU.ActiveCfg = Release|Any CPU
		{E6B50599-A234-40C1-8D16-9679D975C4C9}.Release|Any CPU.Build.0 = Release|Any CPU
	EndGlobalSection
	GlobalSection(SolutionProperties) = preSolution
		HideSolutionNode = FALSE
	EndGlobalSection
	GlobalSection(NestedProjects) = preSolution
		{BEF6D468-7798-4BEF-9AAD-2A83608EF2F6} = {729F6B2E-E6FC-43A3-A614-6E6E59B24F25}
		{847415D2-3030-46C0-8245-C5E86059B4BF} = {729F6B2E-E6FC-43A3-A614-6E6E59B24F25}
		{B78CA97F-3879-4D51-8F74-8D4BBD7E82AE} = {032040CA-2A5F-4F54-9C26-DEED72309B05}
		{2B23AFDF-0304-4DC2-BD8F-DA2A1C5F0726} = {B78CA97F-3879-4D51-8F74-8D4BBD7E82AE}
		{0A437C8D-E321-4AA2-8195-AD259BF63C7F} = {729F6B2E-E6FC-43A3-A614-6E6E59B24F25}
		{99CB8B94-976D-41E1-9E78-6433AEC9AE37} = {032040CA-2A5F-4F54-9C26-DEED72309B05}
		{AC8B8CD3-5397-46C7-B518-37016926EEFF} = {729F6B2E-E6FC-43A3-A614-6E6E59B24F25}
		{DC273CC1-2EED-45A9-88DB-7B4E853E7186} = {729F6B2E-E6FC-43A3-A614-6E6E59B24F25}
	EndGlobalSection
	GlobalSection(ExtensibilityGlobals) = postSolution
		SolutionGuid = {1F12F60A-0463-4E15-B974-BBE5771B39A0}
	EndGlobalSection
EndGlobal
